
Microsoft Visual Studio Solution File, Format Version 12.00
# Visual Studio Version 16
VisualStudioVersion = 16.0.30011.22
MinimumVisualStudioVersion = 10.0.40219.1
Project("{FAE04EC0-301F-11D3-BF4B-00C04F79EFBC}") = "MarsRover.Core", "MarsRover.Core\MarsRover.Core.csproj", "{E62F7930-52BA-4BBD-AEF9-A7B90C868233}"
EndProject
Project("{FAE04EC0-301F-11D3-BF4B-00C04F79EFBC}") = "MarsRover.Infrastructure", "MarsRover.Infrastructure\MarsRover.Infrastructure.csproj", "{AD61D3A1-9028-4C95-BC11-5F564D7DA02C}"
EndProject
Project("{FAE04EC0-301F-11D3-BF4B-00C04F79EFBC}") = "MarsRover.ConsoleApp", "MarsRover.ConsoleApp\MarsRover.ConsoleApp.csproj", "{8B4D5A60-973A-48A9-BF24-BD3B0929683C}"
EndProject
Project("{FAE04EC0-301F-11D3-BF4B-00C04F79EFBC}") = "MarsRover.Application", "MarsRover.Application\MarsRover.Application.csproj", "{201C026E-5817-4745-BC22-7E0AC9875417}"
EndProject
Project("{FAE04EC0-301F-11D3-BF4B-00C04F79EFBC}") = "MarsRover.Test", "MarsRover.Test\MarsRover.Test.csproj", "{70230C2A-4CCD-4225-BE7E-408D8FD40FAD}"
EndProject
Global
	GlobalSection(SolutionConfigurationPlatforms) = preSolution
		Debug|Any CPU = Debug|Any CPU
		Release|Any CPU = Release|Any CPU
	EndGlobalSection
	GlobalSection(ProjectConfigurationPlatforms) = postSolution
		{E62F7930-52BA-4BBD-AEF9-A7B90C868233}.Debug|Any CPU.ActiveCfg = Debug|Any CPU
		{E62F7930-52BA-4BBD-AEF9-A7B90C868233}.Debug|Any CPU.Build.0 = Debug|Any CPU
		{E62F7930-52BA-4BBD-AEF9-A7B90C868233}.Release|Any CPU.ActiveCfg = Release|Any CPU
		{E62F7930-52BA-4BBD-AEF9-A7B90C868233}.Release|Any CPU.Build.0 = Release|Any CPU
		{AD61D3A1-9028-4C95-BC11-5F564D7DA02C}.Debug|Any CPU.ActiveCfg = Debug|Any CPU
		{AD61D3A1-9028-4C95-BC11-5F564D7DA02C}.Debug|Any CPU.Build.0 = Debug|Any CPU
		{AD61D3A1-9028-4C95-BC11-5F564D7DA02C}.Release|Any CPU.ActiveCfg = Release|Any CPU
		{AD61D3A1-9028-4C95-BC11-5F564D7DA02C}.Release|Any CPU.Build.0 = Release|Any CPU
		{8B4D5A60-973A-48A9-BF24-BD3B0929683C}.Debug|Any CPU.ActiveCfg = Debug|Any CPU
		{8B4D5A60-973A-48A9-BF24-BD3B0929683C}.Debug|Any CPU.Build.0 = Debug|Any CPU
		{8B4D5A60-973A-48A9-BF24-BD3B0929683C}.Release|Any CPU.ActiveCfg = Release|Any CPU
		{8B4D5A60-973A-48A9-BF24-BD3B0929683C}.Release|Any CPU.Build.0 = Release|Any CPU
		{201C026E-5817-4745-BC22-7E0AC9875417}.Debug|Any CPU.ActiveCfg = Debug|Any CPU
		{201C026E-5817-4745-BC22-7E0AC9875417}.Debug|Any CPU.Build.0 = Debug|Any CPU
		{201C026E-5817-4745-BC22-7E0AC9875417}.Release|Any CPU.ActiveCfg = Release|Any CPU
		{201C026E-5817-4745-BC22-7E0AC9875417}.Release|Any CPU.Build.0 = Release|Any CPU
		{70230C2A-4CCD-4225-BE7E-408D8FD40FAD}.Debug|Any CPU.ActiveCfg = Debug|Any CPU
		{70230C2A-4CCD-4225-BE7E-408D8FD40FAD}.Debug|Any CPU.Build.0 = Debug|Any CPU
		{70230C2A-4CCD-4225-BE7E-408D8FD40FAD}.Release|Any CPU.ActiveCfg = Release|Any CPU
		{70230C2A-4CCD-4225-BE7E-408D8FD40FAD}.Release|Any CPU.Build.0 = Release|Any CPU
	EndGlobalSection
	GlobalSection(SolutionProperties) = preSolution
		HideSolutionNode = FALSE
	EndGlobalSection
	GlobalSection(ExtensibilityGlobals) = postSolution
		SolutionGuid = {9484AF88-94E2-43E7-9576-92ECB64AF5D1}
	EndGlobalSection
EndGlobal
